<Solution>
  <Project Path="ExpressionEvaluator.Core/ExpressionEvaluator.Core.csproj" Id="6a646f6f-1157-41de-a83c-141c93e2bd75" />
  <Project Path="ExpressionEvaluator.UI.Console/ExpressionEvaluator.UI.Console.csproj" Id="50be23f7-361f-4d35-b6a6-dbf121f744d2" />
  <Project Path="ExpressionEvaluator.UI.WindowsApp/ExpressionEvaluator.UI.WindowsApp.csproj" Id="c4ad4f62-0838-4439-bbea-2effac94163c" />
</Solution>
